
Microsoft Visual Studio Solution File, Format Version 12.00
# Visual Studio Version 17
VisualStudioVersion = 17.5.002.0
MinimumVisualStudioVersion = 10.0.40219.1
Project("{9A19103F-16F7-4668-BE54-9A1E7A4F7556}") = "GreetingClient", "GreetingClient\GreetingClient.csproj", "{DE6DBEAB-7534-4DFD-AE54-0785400F3515}"
EndProject
Global
	GlobalSection(SolutionConfigurationPlatforms) = preSolution
		Debug|Any CPU = Debug|Any CPU
		Release|Any CPU = Release|Any CPU
	EndGlobalSection
	GlobalSection(ProjectConfigurationPlatforms) = postSolution
		{DE6DBEAB-7534-4DFD-AE54-0785400F3515}.Debug|Any CPU.ActiveCfg = Debug|Any CPU
		{DE6DBEAB-7534-4DFD-AE54-0785400F3515}.Debug|Any CPU.Build.0 = Debug|Any CPU
		{DE6DBEAB-7534-4DFD-AE54-0785400F3515}.Release|Any CPU.ActiveCfg = Release|Any CPU
		{DE6DBEAB-7534-4DFD-AE54-0785400F3515}.Release|Any CPU.Build.0 = Release|Any CPU
	EndGlobalSection
	GlobalSection(SolutionProperties) = preSolution
		HideSolutionNode = FALSE
	EndGlobalSection
	GlobalSection(ExtensibilityGlobals) = postSolution
		SolutionGuid = {D8991863-1227-4A3A-A1C9-CC035BF6EBCA}
	EndGlobalSection
EndGlobal
